
Microsoft Visual Studio Solution File, Format Version 11.00
# Visual Studio 2010
Project("{FAE04EC0-301F-11D3-BF4B-00C04F79EFBC}") = "DevnologyFitnesseDojo", "DevnologyFitnesseDojo\DevnologyFitnesseDojo.csproj", "{46DA5D95-A12F-4456-A27A-AE968AE92247}"
EndProject
Global
	GlobalSection(SolutionConfigurationPlatforms) = preSolution
		Debug|Any CPU = Debug|Any CPU
		Release|Any CPU = Release|Any CPU
	EndGlobalSection
	GlobalSection(ProjectConfigurationPlatforms) = postSolution
		{46DA5D95-A12F-4456-A27A-AE968AE92247}.Debug|Any CPU.ActiveCfg = Debug|Any CPU
		{46DA5D95-A12F-4456-A27A-AE968AE92247}.Debug|Any CPU.Build.0 = Debug|Any CPU
		{46DA5D95-A12F-4456-A27A-AE968AE92247}.Release|Any CPU.ActiveCfg = Release|Any CPU
		{46DA5D95-A12F-4456-A27A-AE968AE92247}.Release|Any CPU.Build.0 = Release|Any CPU
	EndGlobalSection
	GlobalSection(SolutionProperties) = preSolution
		HideSolutionNode = FALSE
	EndGlobalSection
EndGlobal
